
Microsoft Visual Studio Solution File, Format Version 12.00
# Visual Studio 2012
Project("{8BC9CEB8-8B4A-11D0-8D11-00A0C91BC942}") = "SparsePoly", "SparsePoly\SparsePoly.vcxproj", "{E130778D-D90E-4517-961D-9B4CE388C30C}"
EndProject
Global
	GlobalSection(SolutionConfigurationPlatforms) = preSolution
		Debug|Win32 = Debug|Win32
		Release|Win32 = Release|Win32
	EndGlobalSection
	GlobalSection(ProjectConfigurationPlatforms) = postSolution
		{E130778D-D90E-4517-961D-9B4CE388C30C}.Debug|Win32.ActiveCfg = Debug|Win32
		{E130778D-D90E-4517-961D-9B4CE388C30C}.Debug|Win32.Build.0 = Debug|Win32
		{E130778D-D90E-4517-961D-9B4CE388C30C}.Release|Win32.ActiveCfg = Release|Win32
		{E130778D-D90E-4517-961D-9B4CE388C30C}.Release|Win32.Build.0 = Release|Win32
	EndGlobalSection
	GlobalSection(SolutionProperties) = preSolution
		HideSolutionNode = FALSE
	EndGlobalSection
EndGlobal
